// !$*UTF8*$!
{
	archiveVersion = 1;
	classes = {
	};
	objectVersion = 46;
	objects = {

/* Begin PBXBuildFile section */
		D7FCC11F1F5EEC5F0000A429 /* AppDelegate.swift in Sources */ = {isa = PBXBuildFile; fileRef = D7FCC11E1F5EEC5F0000A429 /* AppDelegate.swift */; };
		D7FCC1211F5EEC5F0000A429 /* ViewController.swift in Sources */ = {isa = PBXBuildFile; fileRef = D7FCC1201F5EEC5F0000A429 /* ViewController.swift */; };
		D7FCC1241F5EEC5F0000A429 /* Main.storyboard in Resources */ = {isa = PBXBuildFile; fileRef = D7FCC1221F5EEC5F0000A429 /* Main.storyboard */; };
		D7FCC1261F5EEC5F0000A429 /* Assets.xcassets in Resources */ = {isa = PBXBuildFile; fileRef = D7FCC1251F5EEC5F0000A429 /* Assets.xcassets */; };
		D7FCC1291F5EEC5F0000A429 /* LaunchScreen.storyboard in Resources */ = {isa = PBXBuildFile; fileRef = D7FCC1271F5EEC5F0000A429 /* LaunchScreen.storyboard */; };
/* End PBXBuildFile section */

/* Begin PBXFileReference section */
		D7FCC11B1F5EEC5F0000A429 /* DriverAssistance.app */ = {isa = PBXFileReference; explicitFileType = wrapper.application; includeInIndex = 0; path = DriverAssistance.app; sourceTree = BUILT_PRODUCTS_DIR; };
		D7FCC11E1F5EEC5F0000A429 /* AppDelegate.swift */ = {isa = PBXFileReference; lastKnownFileType = sourcecode.swift; path = AppDelegate.swift; sourceTree = "<group>"; };
		D7FCC1201F5EEC5F0000A429 /* ViewController.swift */ = {isa = PBXFileReference; lastKnownFileType = sourcecode.swift; path = ViewController.swift; sourceTree = "<group>"; };
		D7FCC1231F5EEC5F0000A429 /* Base */ = {isa = PBXFileReference; lastKnownFileType = file.storyboard; name = Base; path = Base.lproj/Main.storyboard; sourceTree = "<group>"; };
		D7FCC1251F5EEC5F0000A429 /* Assets.xcassets */ = {isa = PBXFileReference; lastKnownFileType = folder.assetcatalog; path = Assets.xcassets; sourceTree = "<group>"; };
		D7FCC1281F5EEC5F0000A429 /* Base */ = {isa = PBXFileReference; lastKnownFileType = file.storyboard; name = Base; path = Base.lproj/LaunchScreen.storyboard; sourceTree = "<group>"; };
		D7FCC12A1F5EEC5F0000A429 /* Info.plist */ = {isa = PBXFileReference; lastKnownFileType = text.plist.xml; path = Info.plist; sourceTree = "<group>"; };
/* End PBXFileReference section */

/* Begin PBXFrameworksBuildPhase section */
		D7FCC1181F5EEC5F0000A429 /* Frameworks */ = {
			isa = PBXFrameworksBuildPhase;
			buildActionMask = 2147483647;
			files = (
			);
			runOnlyForDeploymentPostprocessing = 0;
		};
/* End PBXFrameworksBuildPhase section */

/* Begin PBXGroup section */
		D7FCC1121F5EEC5E0000A429 = {
			isa = PBXGroup;
			children = (
				D7FCC11D1F5EEC5F0000A429 /* DriverAssistance */,
				D7FCC11C1F5EEC5F0000A429 /* Products */,
			);
			sourceTree = "<group>";
		};
		D7FCC11C1F5EEC5F0000A429 /* Products */ = {
			isa = PBXGroup;
			children = (
				D7FCC11B1F5EEC5F0000A429 /* DriverAssistance.app */,
			);
			name = Products;
			sourceTree = "<group>";
		};
		D7FCC11D1F5EEC5F0000A429 /* DriverAssistance */ = {
			isa = PBXGroup;
			children = (
				D7FCC11E1F5EEC5F0000A429 /* AppDelegate.swift */,
				D7FCC1201F5EEC5F0000A429 /* ViewController.swift */,
				D7FCC1221F5EEC5F0000A429 /* Main.storyboard */,
				D7FCC1251F5EEC5F0000A429 /* Assets.xcassets */,
				D7FCC1271F5EEC5F0000A429 /* LaunchScreen.storyboard */,
				D7FCC12A1F5EEC5F0000A429 /* Info.plist */,
			);
			path = DriverAssistance;
			sourceTree = "<group>";
		};
/* End PBXGroup section */

/* Begin PBXNativeTarget section */
		D7FCC11A1F5EEC5F0000A429 /* DriverAssistance */ = {
			isa = PBXNativeTarget;
			buildConfigurationList = D7FCC12D1F5EEC5F0000A429 /* Build configuration list for PBXNativeTarget "DriverAssistance" */;
			buildPhases = (
				D7FCC1171F5EEC5F0000A429 /* Sources */,
				D7FCC1181F5EEC5F0000A429 /* Frameworks */,
				D7FCC1191F5EEC5F0000A429 /* Resources */,
			);
			buildRules = (
			);
			dependencies = (
			);
			name = DriverAssistance;
			productName = DriverAssistance;
			productReference = D7FCC11B1F5EEC5F0000A429 /* DriverAssistance.app */;
			productType = "com.apple.product-type.application";
		};
/* End PBXNativeTarget section */

/* Begin PBXProject section */
		D7FCC1131F5EEC5E0000A429 /* Project object */ = {
			isa = PBXProject;
			attributes = {
				LastSwiftUpdateCheck = 0830;
				LastUpgradeCheck = 0830;
				ORGANIZATIONNAME = "Channing Kuo";
				TargetAttributes = {
					D7FCC11A1F5EEC5F0000A429 = {
						CreatedOnToolsVersion = 8.3.3;
						ProvisioningStyle = Automatic;
					};
				};
			};
			buildConfigurationList = D7FCC1161F5EEC5E0000A429 /* Build configuration list for PBXProject "DriverAssistance" */;
			compatibilityVersion = "Xcode 3.2";
			developmentRegion = English;
			hasScannedForEncodings = 0;
			knownRegions = (
				en,
				Base,
			);
			mainGroup = D7FCC1121F5EEC5E0000A429;
			productRefGroup = D7FCC11C1F5EEC5F0000A429 /* Products */;
			projectDirPath = "";
			projectRoot = "";
			targets = (
				D7FCC11A1F5EEC5F0000A429 /* DriverAssistance */,
			);
		};
/* End PBXProject section */

/* Begin PBXResourcesBuildPhase section */
		D7FCC1191F5EEC5F0000A429 /* Resources */ = {
			isa = PBXResourcesBuildPhase;
			buildActionMask = 2147483647;
			files = (
				D7FCC1291F5EEC5F0000A429 /* LaunchScreen.storyboard in Resources */,
				D7FCC1261F5EEC5F0000A429 /* Assets.xcassets in Resources */,
				D7FCC1241F5EEC5F0000A429 /* Main.storyboard in Resources */,
			);
			runOnlyForDeploymentPostprocessing = 0;
		};
/* End PBXResourcesBuildPhase section */

/* Begin PBXSourcesBuildPhase section */
		D7FCC1171F5EEC5F0000A429 /* Sources */ = {
			isa = PBXSourcesBuildPhase;
			buildActionMask = 2147483647;
			files = (
				D7FCC1211F5EEC5F0000A429 /* ViewController.swift in Sources */,
				D7FCC11F1F5EEC5F0000A429 /* AppDelegate.swift in Sources */,
			);
			runOnlyForDeploymentPostprocessing = 0;
		};
/* End PBXSourcesBuildPhase section */

/* Begin PBXVariantGroup section */
		D7FCC1221F5EEC5F0000A429 /* Main.storyboard */ = {
			isa = PBXVariantGroup;
			children = (
				D7FCC1231F5EEC5F0000A429 /* Base */,
			);
			name = Main.storyboard;
			sourceTree = "<group>";
		};
		D7FCC1271F5EEC5F0000A429 /* LaunchScreen.storyboard */ = {
			isa = PBXVariantGroup;
			children = (
				D7FCC1281F5EEC5F0000A429 /* Base */,
			);
			name = LaunchScreen.storyboard;
			sourceTree = "<group>";
		};
/* End PBXVariantGroup section */

/* Begin XCBuildConfiguration section */
		D7FCC12B1F5EEC5F0000A429 /* Debug */ = {
			isa = XCBuildConfiguration;
			buildSettings = {
				ALWAYS_SEARCH_USER_PATHS = NO;
				CLANG_ANALYZER_NONNULL = YES;
				CLANG_ANALYZER_NUMBER_OBJECT_CONVERSION = YES_AGGRESSIVE;
				CLANG_CXX_LANGUAGE_STANDARD = "gnu++0x";
				CLANG_CXX_LIBRARY = "libc++";
				CLANG_ENABLE_MODULES = YES;
				CLANG_ENABLE_OBJC_ARC = YES;
				CLANG_WARN_BOOL_CONVERSION = YES;
				CLANG_WARN_CONSTANT_CONVERSION = YES;
				CLANG_WARN_DIRECT_OBJC_ISA_USAGE = YES_ERROR;
				CLANG_WARN_DOCUMENTATION_COMMENTS = YES;
				CLANG_WARN_EMPTY_BODY = YES;
				CLANG_WARN_ENUM_CONVERSION = YES;
				CLANG_WARN_INFINITE_RECURSION = YES;
				CLANG_WARN_INT_CONVERSION = YES;
				CLANG_WARN_OBJC_ROOT_CLASS = YES_ERROR;
				CLANG_WARN_SUSPICIOUS_MOVE = YES;
				CLANG_WARN_UNREACHABLE_CODE = YES;
				CLANG_WARN__DUPLICATE_METHOD_MATCH = YES;
				"CODE_SIGN_IDENTITY[sdk=iphoneos*]" = "iPhone Developer";
				COPY_PHASE_STRIP = NO;
				DEBUG_INFORMATION_FORMAT = dwarf;
				ENABLE_STRICT_OBJC_MSGSEND = YES;
				ENABLE_TESTABILITY = YES;
				GCC_C_LANGUAGE_STANDARD = gnu99;
				GCC_DYNAMIC_NO_PIC = NO;
				GCC_NO_COMMON_BLOCKS = YES;
				GCC_OPTIMIZATION_LEVEL = 0;
				GCC_PREPROCESSOR_DEFINITIONS = (
					"DEBUG=1",
					"$(inherited)",
				);
				GCC_WARN_64_TO_32_BIT_CONVERSION = YES;
				GCC_WARN_ABOUT_RETURN_TYPE = YES_ERROR;
				GCC_WARN_UNDECLARED_SELECTOR = YES;
				GCC_WARN_UNINITIALIZED_AUTOS = YES_AGGRESSIVE;
				GCC_WARN_UNUSED_FUNCTION = YES;
				GCC_WARN_UNUSED_VARIABLE = YES;
				IPHONEOS_DEPLOYMENT_TARGET = 10.3;
				MTL_ENABLE_DEBUG_INFO = YES;
				ONLY_ACTIVE_ARCH = YES;
				SDKROOT = iphoneos;
				SWIFT_ACTIVE_COMPILATION_CONDITIONS = DEBUG;
				SWIFT_OPTIMIZATION_LEVEL = "-Onone";
			};
			name = Debug;
		};
		D7FCC12C1F5EEC5F0000A429 /* Release */ = {
			isa = XCBuildConfiguration;
			buildSettings = {
				ALWAYS_SEARCH_USER_PATHS = NO;
				CLANG_ANALYZER_NONNULL = YES;
				CLANG_ANALYZER_NUMBER_OBJECT_CONVERSION = YES_AGGRESSIVE;
				CLANG_CXX_LANGUAGE_STANDARD = "gnu++0x";
				CLANG_CXX_LIBRARY = "libc++";
				CLANG_ENABLE_MODULES = YES;
				CLANG_ENABLE_OBJC_ARC = YES;
				CLANG_WARN_BOOL_CONVERSION = YES;
				CLANG_WARN_CONSTANT_CONVERSION = YES;
				CLANG_WARN_DIRECT_OBJC_ISA_USAGE = YES_ERROR;
				CLANG_WARN_DOCUMENTATION_COMMENTS = YES;
				CLANG_WARN_EMPTY_BODY = YES;
				CLANG_WARN_ENUM_CONVERSION = YES;
				CLANG_WARN_INFINITE_RECURSION = YES;
				CLANG_WARN_INT_CONVERSION = YES;
				CLANG_WARN_OBJC_ROOT_CLASS = YES_ERROR;
				CLANG_WARN_SUSPICIOUS_MOVE = YES;
				CLANG_WARN_UNREACHABLE_CODE = YES;
				CLANG_WARN__DUPLICATE_METHOD_MATCH = YES;
				"CODE_SIGN_IDENTITY[sdk=iphoneos*]" = "iPhone Developer";
				COPY_PHASE_STRIP = NO;
				DEBUG_INFORMATION_FORMAT = "dwarf-with-dsym";
				ENABLE_NS_ASSERTIONS = NO;
				ENABLE_STRICT_OBJC_MSGSEND = YES;
				GCC_C_LANGUAGE_STANDARD = gnu99;
				GCC_NO_COMMON_BLOCKS = YES;
				GCC_WARN_64_TO_32_BIT_CONVERSION = YES;
				GCC_WARN_ABOUT_RETURN_TYPE = YES_ERROR;
				GCC_WARN_UNDECLARED_SELECTOR = YES;
				GCC_WARN_UNINITIALIZED_AUTOS = YES_AGGRESSIVE;
				GCC_WARN_UNUSED_FUNCTION = YES;
				GCC_WARN_UNUSED_VARIABLE = YES;
				IPHONEOS_DEPLOYMENT_TARGET = 10.3;
				MTL_ENABLE_DEBUG_INFO = NO;
				SDKROOT = iphoneos;
				SWIFT_OPTIMIZATION_LEVEL = "-Owholemodule";
				VALIDATE_PRODUCT = YES;
			};
			name = Release;
		};
		D7FCC12E1F5EEC5F0000A429 /* Debug */ = {
			isa = XCBuildConfiguration;
			buildSettings = {
				ASSETCATALOG_COMPILER_APPICON_NAME = AppIcon;
				"CODE_SIGN_IDENTITY[sdk=iphoneos*]" = "iPhone Developer";
				DEVELOPMENT_TEAM = "";
				INFOPLIST_FILE = DriverAssistance/Info.plist;
				LD_RUNPATH_SEARCH_PATHS = "$(inherited) @executable_path/Frameworks";
				PRODUCT_BUNDLE_IDENTIFIER = Ellusionists.DriverAssistance;
				PRODUCT_NAME = "$(TARGET_NAME)";
				PROVISIONING_PROFILE_SPECIFIER = "";
				SWIFT_VERSION = 3.0;
			};
			name = Debug;
		};
		D7FCC12F1F5EEC5F0000A429 /* Release */ = {
			isa = XCBuildConfiguration;
			buildSettings = {
				ASSETCATALOG_COMPILER_APPICON_NAME = AppIcon;
				"CODE_SIGN_IDENTITY[sdk=iphoneos*]" = "iPhone Developer";
				DEVELOPMENT_TEAM = "";
				INFOPLIST_FILE = DriverAssistance/Info.plist;
				LD_RUNPATH_SEARCH_PATHS = "$(inherited) @executable_path/Frameworks";
				PRODUCT_BUNDLE_IDENTIFIER = Ellusionists.DriverAssistance;
				PRODUCT_NAME = "$(TARGET_NAME)";
				PROVISIONING_PROFILE_SPECIFIER = "";
				SWIFT_VERSION = 3.0;
			};
			name = Release;
		};
/* End XCBuildConfiguration section */

/* Begin XCConfigurationList section */
		D7FCC1161F5EEC5E0000A429 /* Build configuration list for PBXProject "DriverAssistance" */ = {
			isa = XCConfigurationList;
			buildConfigurations = (
				D7FCC12B1F5EEC5F0000A429 /* Debug */,
				D7FCC12C1F5EEC5F0000A429 /* Release */,
			);
			defaultConfigurationIsVisible = 0;
			defaultConfigurationName = Release;
		};
		D7FCC12D1F5EEC5F0000A429 /* Build configuration list for PBXNativeTarget "DriverAssistance" */ = {
			isa = XCConfigurationList;
			buildConfigurations = (
				D7FCC12E1F5EEC5F0000A429 /* Debug */,
				D7FCC12F1F5EEC5F0000A429 /* Release */,
			);
			defaultConfigurationIsVisible = 0;
			defaultConfigurationName = Release;
		};
/* End XCConfigurationList section */
	};
	rootObject = D7FCC1131F5EEC5E0000A429 /* Project object */;
}
